
Microsoft Visual Studio Solution File, Format Version 12.00
# Visual Studio Version 17
VisualStudioVersion = 17.14.36616.10
MinimumVisualStudioVersion = 10.0.40219.1
Project("{2150E333-8FDC-42A3-9474-1A3956D46DE8}") = "API", "API", "{02EA681E-C7D8-13C7-8484-4AC65E1B71E8}"
EndProject
Project("{2150E333-8FDC-42A3-9474-1A3956D46DE8}") = "Core", "Core", "{BD284C1A-E750-4FC6-BEDC-0FFB9AA3D93C}"
EndProject
Project("{2150E333-8FDC-42A3-9474-1A3956D46DE8}") = "Insfraestructure", "Insfraestructure", "{BC9E7198-3255-4E2E-B4AC-93D797488FDB}"
EndProject
Project("{2150E333-8FDC-42A3-9474-1A3956D46DE8}") = "Presentation", "Presentation", "{CDAB7893-8038-4574-AED7-4B3EB667D2E0}"
EndProject
Project("{FAE04EC0-301F-11D3-BF4B-00C04F79EFBC}") = "FastFoodManagerPlataformDomain", "FastFoodManagerPlataformDomain\FastFoodManagerPlataformDomain.csproj", "{4A9396EB-6076-4C69-BA15-571211840B78}"
EndProject
Project("{FAE04EC0-301F-11D3-BF4B-00C04F79EFBC}") = "FastFoodPlataformPersistencia", "FastFoodPlataformPersistencia\FastFoodPlataformPersistencia.csproj", "{BDA3D63B-4370-40B3-BA44-41369DE6DB1F}"
EndProject
Project("{2150E333-8FDC-42A3-9474-1A3956D46DE8}") = "Aplication", "Aplication", "{83022D2B-3A2E-40F2-9214-01C817A9E7AF}"
EndProject
Project("{2150E333-8FDC-42A3-9474-1A3956D46DE8}") = "Login", "Login", "{44943C8E-E40E-4301-8C7B-90C339384FF6}"
EndProject
Project("{FAE04EC0-301F-11D3-BF4B-00C04F79EFBC}") = "FastFoodManagerWebApplication", "FastFoodManagerWebApplication\FastFoodManagerWebApplication.csproj", "{942EE9DC-235F-443E-B42F-561BA67D4541}"
EndProject
Project("{FAE04EC0-301F-11D3-BF4B-00C04F79EFBC}") = "LoginEmpleado", "LoginEmpleado\LoginEmpleado.csproj", "{15F271EF-5CBC-4903-AB80-84B39A92C040}"
EndProject
Project("{2150E333-8FDC-42A3-9474-1A3956D46DE8}") = "Elementos de la solución", "Elementos de la solución", "{D107F4C8-89CC-BEA8-D3D7-CA6B7733353D}"
	ProjectSection(SolutionItems) = preProject
		.gitignore = .gitignore
		colores.txt = colores.txt
	EndProjectSection
EndProject
Project("{FAE04EC0-301F-11D3-BF4B-00C04F79EFBC}") = "FastFoodManagerApp", "FastFoodManagerApp\FastFoodManagerApp.csproj", "{D8F54D97-D0E8-4A92-A57F-1D186CC28135}"
EndProject
Project("{2150E333-8FDC-42A3-9474-1A3956D46DE8}") = "Panel de Entrada", "Panel de Entrada", "{22995160-6851-4890-8935-600820078672}"
EndProject
Project("{FAE04EC0-301F-11D3-BF4B-00C04F79EFBC}") = "Menu", "Menu\Menu.csproj", "{C59A86B3-711D-445F-A127-3845706D2A41}"
EndProject
Project("{FAE04EC0-301F-11D3-BF4B-00C04F79EFBC}") = "Admin", "Admin\Admin.csproj", "{35591C9D-CB14-40CB-B074-BB5ED3815A90}"
EndProject
Global
	GlobalSection(SolutionConfigurationPlatforms) = preSolution
		Debug|Any CPU = Debug|Any CPU
		Release|Any CPU = Release|Any CPU
	EndGlobalSection
	GlobalSection(ProjectConfigurationPlatforms) = postSolution
		{4A9396EB-6076-4C69-BA15-571211840B78}.Debug|Any CPU.ActiveCfg = Debug|Any CPU
		{4A9396EB-6076-4C69-BA15-571211840B78}.Debug|Any CPU.Build.0 = Debug|Any CPU
		{4A9396EB-6076-4C69-BA15-571211840B78}.Release|Any CPU.ActiveCfg = Release|Any CPU
		{4A9396EB-6076-4C69-BA15-571211840B78}.Release|Any CPU.Build.0 = Release|Any CPU
		{BDA3D63B-4370-40B3-BA44-41369DE6DB1F}.Debug|Any CPU.ActiveCfg = Debug|Any CPU
		{BDA3D63B-4370-40B3-BA44-41369DE6DB1F}.Debug|Any CPU.Build.0 = Debug|Any CPU
		{BDA3D63B-4370-40B3-BA44-41369DE6DB1F}.Release|Any CPU.ActiveCfg = Release|Any CPU
		{BDA3D63B-4370-40B3-BA44-41369DE6DB1F}.Release|Any CPU.Build.0 = Release|Any CPU
		{942EE9DC-235F-443E-B42F-561BA67D4541}.Debug|Any CPU.ActiveCfg = Debug|Any CPU
		{942EE9DC-235F-443E-B42F-561BA67D4541}.Debug|Any CPU.Build.0 = Debug|Any CPU
		{942EE9DC-235F-443E-B42F-561BA67D4541}.Release|Any CPU.ActiveCfg = Release|Any CPU
		{942EE9DC-235F-443E-B42F-561BA67D4541}.Release|Any CPU.Build.0 = Release|Any CPU
		{15F271EF-5CBC-4903-AB80-84B39A92C040}.Debug|Any CPU.ActiveCfg = Debug|Any CPU
		{15F271EF-5CBC-4903-AB80-84B39A92C040}.Debug|Any CPU.Build.0 = Debug|Any CPU
		{15F271EF-5CBC-4903-AB80-84B39A92C040}.Release|Any CPU.ActiveCfg = Release|Any CPU
		{15F271EF-5CBC-4903-AB80-84B39A92C040}.Release|Any CPU.Build.0 = Release|Any CPU
		{D8F54D97-D0E8-4A92-A57F-1D186CC28135}.Debug|Any CPU.ActiveCfg = Debug|Any CPU
		{D8F54D97-D0E8-4A92-A57F-1D186CC28135}.Debug|Any CPU.Build.0 = Debug|Any CPU
		{D8F54D97-D0E8-4A92-A57F-1D186CC28135}.Release|Any CPU.ActiveCfg = Release|Any CPU
		{D8F54D97-D0E8-4A92-A57F-1D186CC28135}.Release|Any CPU.Build.0 = Release|Any CPU
		{C59A86B3-711D-445F-A127-3845706D2A41}.Debug|Any CPU.ActiveCfg = Debug|Any CPU
		{C59A86B3-711D-445F-A127-3845706D2A41}.Debug|Any CPU.Build.0 = Debug|Any CPU
		{C59A86B3-711D-445F-A127-3845706D2A41}.Release|Any CPU.ActiveCfg = Release|Any CPU
		{C59A86B3-711D-445F-A127-3845706D2A41}.Release|Any CPU.Build.0 = Release|Any CPU
		{35591C9D-CB14-40CB-B074-BB5ED3815A90}.Debug|Any CPU.ActiveCfg = Debug|Any CPU
		{35591C9D-CB14-40CB-B074-BB5ED3815A90}.Debug|Any CPU.Build.0 = Debug|Any CPU
		{35591C9D-CB14-40CB-B074-BB5ED3815A90}.Release|Any CPU.ActiveCfg = Release|Any CPU
		{35591C9D-CB14-40CB-B074-BB5ED3815A90}.Release|Any CPU.Build.0 = Release|Any CPU
	EndGlobalSection
	GlobalSection(SolutionProperties) = preSolution
		HideSolutionNode = FALSE
	EndGlobalSection
	GlobalSection(NestedProjects) = preSolution
		{4A9396EB-6076-4C69-BA15-571211840B78} = {BD284C1A-E750-4FC6-BEDC-0FFB9AA3D93C}
		{BDA3D63B-4370-40B3-BA44-41369DE6DB1F} = {BC9E7198-3255-4E2E-B4AC-93D797488FDB}
		{44943C8E-E40E-4301-8C7B-90C339384FF6} = {CDAB7893-8038-4574-AED7-4B3EB667D2E0}
		{942EE9DC-235F-443E-B42F-561BA67D4541} = {02EA681E-C7D8-13C7-8484-4AC65E1B71E8}
		{15F271EF-5CBC-4903-AB80-84B39A92C040} = {44943C8E-E40E-4301-8C7B-90C339384FF6}
		{D8F54D97-D0E8-4A92-A57F-1D186CC28135} = {83022D2B-3A2E-40F2-9214-01C817A9E7AF}
		{22995160-6851-4890-8935-600820078672} = {CDAB7893-8038-4574-AED7-4B3EB667D2E0}
		{C59A86B3-711D-445F-A127-3845706D2A41} = {22995160-6851-4890-8935-600820078672}
		{35591C9D-CB14-40CB-B074-BB5ED3815A90} = {22995160-6851-4890-8935-600820078672}
	EndGlobalSection
	GlobalSection(ExtensibilityGlobals) = postSolution
		SolutionGuid = {0BE32470-9FFA-4D05-B7CC-008BBAA502DB}
	EndGlobalSection
EndGlobal
